
Microsoft Visual Studio Solution File, Format Version 12.00
# Visual Studio 15
VisualStudioVersion = 15.0.28307.1433
MinimumVisualStudioVersion = 10.0.40219.1
Project("{FAE04EC0-301F-11D3-BF4B-00C04F79EFBC}") = "CharServerApp", "CharServerApp\CharServerApp.csproj", "{20CAD5BB-62D6-468B-8037-6875ED36851D}"
EndProject
Global
	GlobalSection(SolutionConfigurationPlatforms) = preSolution
		Debug|Any CPU = Debug|Any CPU
		Release|Any CPU = Release|Any CPU
	EndGlobalSection
	GlobalSection(ProjectConfigurationPlatforms) = postSolution
		{20CAD5BB-62D6-468B-8037-6875ED36851D}.Debug|Any CPU.ActiveCfg = Debug|Any CPU
		{20CAD5BB-62D6-468B-8037-6875ED36851D}.Debug|Any CPU.Build.0 = Debug|Any CPU
		{20CAD5BB-62D6-468B-8037-6875ED36851D}.Release|Any CPU.ActiveCfg = Release|Any CPU
		{20CAD5BB-62D6-468B-8037-6875ED36851D}.Release|Any CPU.Build.0 = Release|Any CPU
	EndGlobalSection
	GlobalSection(SolutionProperties) = preSolution
		HideSolutionNode = FALSE
	EndGlobalSection
	GlobalSection(ExtensibilityGlobals) = postSolution
		SolutionGuid = {147AC089-BB1D-4B7B-A209-9A94D9AA439A}
	EndGlobalSection
EndGlobal
